
Microsoft Visual Studio Solution File, Format Version 12.00
# Visual Studio Version 16
VisualStudioVersion = 16.0.30621.155
MinimumVisualStudioVersion = 10.0.40219.1
Project("{F184B08F-C81C-45F6-A57F-5ABD9991F28F}") = "DemoApp", "DemoApp\DemoApp.vbproj", "{31D73CD9-137F-4EA5-8D87-EA39CEB8D346}"
EndProject
Global
	GlobalSection(SolutionConfigurationPlatforms) = preSolution
		Debug|Any CPU = Debug|Any CPU
		Release|Any CPU = Release|Any CPU
	EndGlobalSection
	GlobalSection(ProjectConfigurationPlatforms) = postSolution
		{31D73CD9-137F-4EA5-8D87-EA39CEB8D346}.Debug|Any CPU.ActiveCfg = Debug|Any CPU
		{31D73CD9-137F-4EA5-8D87-EA39CEB8D346}.Debug|Any CPU.Build.0 = Debug|Any CPU
		{31D73CD9-137F-4EA5-8D87-EA39CEB8D346}.Release|Any CPU.ActiveCfg = Release|Any CPU
		{31D73CD9-137F-4EA5-8D87-EA39CEB8D346}.Release|Any CPU.Build.0 = Release|Any CPU
	EndGlobalSection
	GlobalSection(SolutionProperties) = preSolution
		HideSolutionNode = FALSE
	EndGlobalSection
	GlobalSection(ExtensibilityGlobals) = postSolution
		SolutionGuid = {90F17D85-75FD-421D-B8EE-3D46BD606A93}
	EndGlobalSection
EndGlobal
